Microsoft Visual Studio Solution File, Format Version 12.00
# Visual Studio 14
VisualStudioVersion = 14.0.25123.0
MinimumVisualStudioVersion = 10.0.40219.1
Project("{FAE04EC0-301F-11D3-BF4B-00C04F79EFBC}") = "ArgsLibrary", "ArgsLibrary\ArgsLibrary.csproj", "{04F758AE-7F17-4A82-B56B-62DD6C70D27C}"
EndProject
Project("{FAE04EC0-301F-11D3-BF4B-00C04F79EFBC}") = "CsvWriter", "CsvWriter\CsvWriter.csproj", "{9BBD45AD-09FC-4589-9E55-7E446517857B}"
EndProject
Project("{FAE04EC0-301F-11D3-BF4B-00C04F79EFBC}") = "GazeTrackLibrary", "GazeTrackLibrary\GazeTrackLibrary.csproj", "{49CBAF4E-5C42-47F3-BA87-1644C0E653E3}"
EndProject
Project("{FAE04EC0-301F-11D3-BF4B-00C04F79EFBC}") = "TextToSpeechLibrary", "TextToSpeechLibrary\TextToSpeechLibrary.csproj", "{CEE00827-40DA-46B9-8485-07280BFAF6E4}"
EndProject
Project("{FAE04EC0-301F-11D3-BF4B-00C04F79EFBC}") = "GestureLibrary", "GestureLibrary\GestureLibrary.csproj", "{01250ECD-17B5-4371-A808-F28F7F52A747}"
EndProject
Project("{FAE04EC0-301F-11D3-BF4B-00C04F79EFBC}") = "SpeechLibrary", "SpeecheLibrary\SpeechLibrary.csproj", "{BA584747-ABE2-4DDF-AAE0-A975F19326E6}"
EndProject
Project("{FAE04EC0-301F-11D3-BF4B-00C04F79EFBC}") = "StarRatingControl", "StarRatingControl\StarRatingControl.csproj", "{499CBB15-CD9B-4B88-95CF-8B0BD35614D3}"
EndProject
Project("{FAE04EC0-301F-11D3-BF4B-00C04F79EFBC}") = "AudioLibrary", "AudioBeamLibrary\AudioLibrary.csproj", "{B5BC9249-E102-4933-8B61-2F56B0F006D1}"
EndProject
Project("{FAE04EC0-301F-11D3-BF4B-00C04F79EFBC}") = "BodyPositionLibrary", "BodyPositionLibrary\BodyPositionLibrary.csproj", "{372110B4-71F4-4816-9BAA-B53D7CCBA87A}"
EndProject
Project("{FAE04EC0-301F-11D3-BF4B-00C04F79EFBC}") = "FacialRecognition", "FacialRecognition\FacialRecognition.csproj", "{DFD15BC7-9A42-4A1D-AF2C-68B159311AA1}"
EndProject
Project("{FAE04EC0-301F-11D3-BF4B-00C04F79EFBC}") = "Utils", "Utils\Utils.csproj", "{D7879AD0-456A-45DC-9E07-252846868688}"
EndProject
Project("{FAE04EC0-301F-11D3-BF4B-00C04F79EFBC}") = "ControlsMedia", "ControlsMedia\ControlsMedia.csproj", "{69BB0E72-9FA9-43B7-9673-1BCB6F7F3877}"
EndProject
Project("{FAE04EC0-301F-11D3-BF4B-00C04F79EFBC}") = "DatasetPlayer", "DatasetPlayer\DatasetPlayer.csproj", "{4528EA7C-E31A-47A0-8A3B-A46426F57387}"
EndProject
Project("{FAE04EC0-301F-11D3-BF4B-00C04F79EFBC}") = "HandTrackLibrary", "HandTrackLibrary\HandTrackLibrary.csproj", "{93472895-C223-4D04-B817-0AD7AC2E063F}"
EndProject
Project("{FAE04EC0-301F-11D3-BF4B-00C04F79EFBC}") = "EmotionRecognition", "EmotionRecognition\EmotionRecognition.csproj", "{849C4C35-7685-44FB-B43A-C078E88AC9F5}"
EndProject
Project("{FAE04EC0-301F-11D3-BF4B-00C04F79EFBC}") = "LightBuzz.Vitruvius.FingerTracking", "HandTrackLibraryUtilities\LightBuzz.Vitruvius.FingerTracking.csproj", "{C7312BB5-22EB-4B9C-9552-C97F0ECD0663}"
EndProject
Project("{FAE04EC0-301F-11D3-BF4B-00C04F79EFBC}") = "ContextService", "ContextService\ContextService.csproj", "{46F5713F-C291-441B-AB9C-740EEB6EE32C}"
EndProject
Global
	GlobalSection(SolutionConfigurationPlatforms) = preSolution
		Debug|Any CPU = Debug|Any CPU
		Debug|ARM = Debug|ARM
		Debug|x64 = Debug|x64
		Debug|x86 = Debug|x86
		Release|Any CPU = Release|Any CPU
		Release|ARM = Release|ARM
		Release|x64 = Release|x64
		Release|x86 = Release|x86
	EndGlobalSection
	GlobalSection(ProjectConfigurationPlatforms) = postSolution
		{04F758AE-7F17-4A82-B56B-62DD6C70D27C}.Debug|Any CPU.ActiveCfg = Release|x86
		{04F758AE-7F17-4A82-B56B-62DD6C70D27C}.Debug|Any CPU.Build.0 = Release|x86
		{04F758AE-7F17-4A82-B56B-62DD6C70D27C}.Debug|ARM.ActiveCfg = Release|x86
		{04F758AE-7F17-4A82-B56B-62DD6C70D27C}.Debug|ARM.Build.0 = Release|x86
		{04F758AE-7F17-4A82-B56B-62DD6C70D27C}.Debug|x64.ActiveCfg = Release|x86
		{04F758AE-7F17-4A82-B56B-62DD6C70D27C}.Debug|x64.Build.0 = Release|x86
		{04F758AE-7F17-4A82-B56B-62DD6C70D27C}.Debug|x86.ActiveCfg = Debug|x86
		{04F758AE-7F17-4A82-B56B-62DD6C70D27C}.Debug|x86.Build.0 = Debug|x86
		{04F758AE-7F17-4A82-B56B-62DD6C70D27C}.Release|Any CPU.ActiveCfg = Release|x86
		{04F758AE-7F17-4A82-B56B-62DD6C70D27C}.Release|Any CPU.Build.0 = Release|x86
		{04F758AE-7F17-4A82-B56B-62DD6C70D27C}.Release|ARM.ActiveCfg = Release|x86
		{04F758AE-7F17-4A82-B56B-62DD6C70D27C}.Release|ARM.Build.0 = Release|x86
		{04F758AE-7F17-4A82-B56B-62DD6C70D27C}.Release|x64.ActiveCfg = Release|x86
		{04F758AE-7F17-4A82-B56B-62DD6C70D27C}.Release|x64.Build.0 = Release|x86
		{04F758AE-7F17-4A82-B56B-62DD6C70D27C}.Release|x86.ActiveCfg = Release|x86
		{04F758AE-7F17-4A82-B56B-62DD6C70D27C}.Release|x86.Build.0 = Release|x86
		{9BBD45AD-09FC-4589-9E55-7E446517857B}.Debug|Any CPU.ActiveCfg = Debug|x86
		{9BBD45AD-09FC-4589-9E55-7E446517857B}.Debug|Any CPU.Build.0 = Debug|x86
		{9BBD45AD-09FC-4589-9E55-7E446517857B}.Debug|ARM.ActiveCfg = Debug|x86
		{9BBD45AD-09FC-4589-9E55-7E446517857B}.Debug|ARM.Build.0 = Debug|x86
		{9BBD45AD-09FC-4589-9E55-7E446517857B}.Debug|x64.ActiveCfg = Debug|x86
		{9BBD45AD-09FC-4589-9E55-7E446517857B}.Debug|x64.Build.0 = Debug|x86
		{9BBD45AD-09FC-4589-9E55-7E446517857B}.Debug|x86.ActiveCfg = Debug|x86
		{9BBD45AD-09FC-4589-9E55-7E446517857B}.Debug|x86.Build.0 = Debug|x86
		{9BBD45AD-09FC-4589-9E55-7E446517857B}.Release|Any CPU.ActiveCfg = Release|x86
		{9BBD45AD-09FC-4589-9E55-7E446517857B}.Release|Any CPU.Build.0 = Release|x86
		{9BBD45AD-09FC-4589-9E55-7E446517857B}.Release|ARM.ActiveCfg = Release|x86
		{9BBD45AD-09FC-4589-9E55-7E446517857B}.Release|ARM.Build.0 = Release|x86
		{9BBD45AD-09FC-4589-9E55-7E446517857B}.Release|x64.ActiveCfg = Release|x86
		{9BBD45AD-09FC-4589-9E55-7E446517857B}.Release|x64.Build.0 = Release|x86
		{9BBD45AD-09FC-4589-9E55-7E446517857B}.Release|x86.ActiveCfg = Release|x86
		{9BBD45AD-09FC-4589-9E55-7E446517857B}.Release|x86.Build.0 = Release|x86
		{49CBAF4E-5C42-47F3-BA87-1644C0E653E3}.Debug|Any CPU.ActiveCfg = Debug|x86
		{49CBAF4E-5C42-47F3-BA87-1644C0E653E3}.Debug|Any CPU.Build.0 = Debug|x86
		{49CBAF4E-5C42-47F3-BA87-1644C0E653E3}.Debug|ARM.ActiveCfg = Debug|x86
		{49CBAF4E-5C42-47F3-BA87-1644C0E653E3}.Debug|ARM.Build.0 = Debug|x86
		{49CBAF4E-5C42-47F3-BA87-1644C0E653E3}.Debug|x64.ActiveCfg = Debug|x86
		{49CBAF4E-5C42-47F3-BA87-1644C0E653E3}.Debug|x64.Build.0 = Debug|x86
		{49CBAF4E-5C42-47F3-BA87-1644C0E653E3}.Debug|x86.ActiveCfg = Debug|x86
		{49CBAF4E-5C42-47F3-BA87-1644C0E653E3}.Debug|x86.Build.0 = Debug|x86
		{49CBAF4E-5C42-47F3-BA87-1644C0E653E3}.Release|Any CPU.ActiveCfg = Release|x86
		{49CBAF4E-5C42-47F3-BA87-1644C0E653E3}.Release|Any CPU.Build.0 = Release|x86
		{49CBAF4E-5C42-47F3-BA87-1644C0E653E3}.Release|ARM.ActiveCfg = Release|x86
		{49CBAF4E-5C42-47F3-BA87-1644C0E653E3}.Release|ARM.Build.0 = Release|x86
		{49CBAF4E-5C42-47F3-BA87-1644C0E653E3}.Release|x64.ActiveCfg = Release|x86
		{49CBAF4E-5C42-47F3-BA87-1644C0E653E3}.Release|x64.Build.0 = Release|x86
		{49CBAF4E-5C42-47F3-BA87-1644C0E653E3}.Release|x86.ActiveCfg = Release|x86
		{49CBAF4E-5C42-47F3-BA87-1644C0E653E3}.Release|x86.Build.0 = Release|x86
		{CEE00827-40DA-46B9-8485-07280BFAF6E4}.Debug|Any CPU.ActiveCfg = Debug|x86
		{CEE00827-40DA-46B9-8485-07280BFAF6E4}.Debug|Any CPU.Build.0 = Debug|x86
		{CEE00827-40DA-46B9-8485-07280BFAF6E4}.Debug|ARM.ActiveCfg = Debug|x86
		{CEE00827-40DA-46B9-8485-07280BFAF6E4}.Debug|ARM.Build.0 = Debug|x86
		{CEE00827-40DA-46B9-8485-07280BFAF6E4}.Debug|x64.ActiveCfg = Debug|x86
		{CEE00827-40DA-46B9-8485-07280BFAF6E4}.Debug|x64.Build.0 = Debug|x86
		{CEE00827-40DA-46B9-8485-07280BFAF6E4}.Debug|x86.ActiveCfg = Debug|x86
		{CEE00827-40DA-46B9-8485-07280BFAF6E4}.Debug|x86.Build.0 = Debug|x86
		{CEE00827-40DA-46B9-8485-07280BFAF6E4}.Release|Any CPU.ActiveCfg = Release|x86
		{CEE00827-40DA-46B9-8485-07280BFAF6E4}.Release|Any CPU.Build.0 = Release|x86
		{CEE00827-40DA-46B9-8485-07280BFAF6E4}.Release|ARM.ActiveCfg = Release|x86
		{CEE00827-40DA-46B9-8485-07280BFAF6E4}.Release|ARM.Build.0 = Release|x86
		{CEE00827-40DA-46B9-8485-07280BFAF6E4}.Release|x64.ActiveCfg = Release|x86
		{CEE00827-40DA-46B9-8485-07280BFAF6E4}.Release|x64.Build.0 = Release|x86
		{CEE00827-40DA-46B9-8485-07280BFAF6E4}.Release|x86.ActiveCfg = Release|x86
		{CEE00827-40DA-46B9-8485-07280BFAF6E4}.Release|x86.Build.0 = Release|x86
		{01250ECD-17B5-4371-A808-F28F7F52A747}.Debug|Any CPU.ActiveCfg = Debug|x86
		{01250ECD-17B5-4371-A808-F28F7F52A747}.Debug|Any CPU.Build.0 = Debug|x86
		{01250ECD-17B5-4371-A808-F28F7F52A747}.Debug|ARM.ActiveCfg = Debug|x86
		{01250ECD-17B5-4371-A808-F28F7F52A747}.Debug|ARM.Build.0 = Debug|x86
		{01250ECD-17B5-4371-A808-F28F7F52A747}.Debug|x64.ActiveCfg = Debug|x86
		{01250ECD-17B5-4371-A808-F28F7F52A747}.Debug|x64.Build.0 = Debug|x86
		{01250ECD-17B5-4371-A808-F28F7F52A747}.Debug|x86.ActiveCfg = Debug|x86
		{01250ECD-17B5-4371-A808-F28F7F52A747}.Debug|x86.Build.0 = Debug|x86
		{01250ECD-17B5-4371-A808-F28F7F52A747}.Release|Any CPU.ActiveCfg = Release|x86
		{01250ECD-17B5-4371-A808-F28F7F52A747}.Release|Any CPU.Build.0 = Release|x86
		{01250ECD-17B5-4371-A808-F28F7F52A747}.Release|ARM.ActiveCfg = Release|x86
		{01250ECD-17B5-4371-A808-F28F7F52A747}.Release|ARM.Build.0 = Release|x86
		{01250ECD-17B5-4371-A808-F28F7F52A747}.Release|x64.ActiveCfg = Release|x86
		{01250ECD-17B5-4371-A808-F28F7F52A747}.Release|x64.Build.0 = Release|x86
		{01250ECD-17B5-4371-A808-F28F7F52A747}.Release|x86.ActiveCfg = Release|x86
		{01250ECD-17B5-4371-A808-F28F7F52A747}.Release|x86.Build.0 = Release|x86
		{BA584747-ABE2-4DDF-AAE0-A975F19326E6}.Debug|Any CPU.ActiveCfg = Release|x86
		{BA584747-ABE2-4DDF-AAE0-A975F19326E6}.Debug|Any CPU.Build.0 = Release|x86
		{BA584747-ABE2-4DDF-AAE0-A975F19326E6}.Debug|ARM.ActiveCfg = Release|x86
		{BA584747-ABE2-4DDF-AAE0-A975F19326E6}.Debug|ARM.Build.0 = Release|x86
		{BA584747-ABE2-4DDF-AAE0-A975F19326E6}.Debug|x64.ActiveCfg = Release|x86
		{BA584747-ABE2-4DDF-AAE0-A975F19326E6}.Debug|x64.Build.0 = Release|x86
		{BA584747-ABE2-4DDF-AAE0-A975F19326E6}.Debug|x86.ActiveCfg = Debug|x86
		{BA584747-ABE2-4DDF-AAE0-A975F19326E6}.Debug|x86.Build.0 = Debug|x86
		{BA584747-ABE2-4DDF-AAE0-A975F19326E6}.Release|Any CPU.ActiveCfg = Release|x86
		{BA584747-ABE2-4DDF-AAE0-A975F19326E6}.Release|Any CPU.Build.0 = Release|x86
		{BA584747-ABE2-4DDF-AAE0-A975F19326E6}.Release|ARM.ActiveCfg = Release|x86
		{BA584747-ABE2-4DDF-AAE0-A975F19326E6}.Release|ARM.Build.0 = Release|x86
		{BA584747-ABE2-4DDF-AAE0-A975F19326E6}.Release|x64.ActiveCfg = Release|x86
		{BA584747-ABE2-4DDF-AAE0-A975F19326E6}.Release|x64.Build.0 = Release|x86
		{BA584747-ABE2-4DDF-AAE0-A975F19326E6}.Release|x86.ActiveCfg = Release|x86
		{BA584747-ABE2-4DDF-AAE0-A975F19326E6}.Release|x86.Build.0 = Release|x86
		{499CBB15-CD9B-4B88-95CF-8B0BD35614D3}.Debug|Any CPU.ActiveCfg = Debug|x86
		{499CBB15-CD9B-4B88-95CF-8B0BD35614D3}.Debug|Any CPU.Build.0 = Debug|x86
		{499CBB15-CD9B-4B88-95CF-8B0BD35614D3}.Debug|ARM.ActiveCfg = Debug|x86
		{499CBB15-CD9B-4B88-95CF-8B0BD35614D3}.Debug|ARM.Build.0 = Debug|x86
		{499CBB15-CD9B-4B88-95CF-8B0BD35614D3}.Debug|x64.ActiveCfg = Debug|x86
		{499CBB15-CD9B-4B88-95CF-8B0BD35614D3}.Debug|x64.Build.0 = Debug|x86
		{499CBB15-CD9B-4B88-95CF-8B0BD35614D3}.Debug|x86.ActiveCfg = Debug|x86
		{499CBB15-CD9B-4B88-95CF-8B0BD35614D3}.Debug|x86.Build.0 = Debug|x86
		{499CBB15-CD9B-4B88-95CF-8B0BD35614D3}.Release|Any CPU.ActiveCfg = Release|x86
		{499CBB15-CD9B-4B88-95CF-8B0BD35614D3}.Release|Any CPU.Build.0 = Release|x86
		{499CBB15-CD9B-4B88-95CF-8B0BD35614D3}.Release|ARM.ActiveCfg = Release|x86
		{499CBB15-CD9B-4B88-95CF-8B0BD35614D3}.Release|ARM.Build.0 = Release|x86
		{499CBB15-CD9B-4B88-95CF-8B0BD35614D3}.Release|x64.ActiveCfg = Release|x86
		{499CBB15-CD9B-4B88-95CF-8B0BD35614D3}.Release|x64.Build.0 = Release|x86
		{499CBB15-CD9B-4B88-95CF-8B0BD35614D3}.Release|x86.ActiveCfg = Release|x86
		{499CBB15-CD9B-4B88-95CF-8B0BD35614D3}.Release|x86.Build.0 = Release|x86
		{B5BC9249-E102-4933-8B61-2F56B0F006D1}.Debug|Any CPU.ActiveCfg = Release|x86
		{B5BC9249-E102-4933-8B61-2F56B0F006D1}.Debug|Any CPU.Build.0 = Release|x86
		{B5BC9249-E102-4933-8B61-2F56B0F006D1}.Debug|ARM.ActiveCfg = Release|x86
		{B5BC9249-E102-4933-8B61-2F56B0F006D1}.Debug|ARM.Build.0 = Release|x86
		{B5BC9249-E102-4933-8B61-2F56B0F006D1}.Debug|x64.ActiveCfg = Release|x86
		{B5BC9249-E102-4933-8B61-2F56B0F006D1}.Debug|x64.Build.0 = Release|x86
		{B5BC9249-E102-4933-8B61-2F56B0F006D1}.Debug|x86.ActiveCfg = Debug|x86
		{B5BC9249-E102-4933-8B61-2F56B0F006D1}.Debug|x86.Build.0 = Debug|x86
		{B5BC9249-E102-4933-8B61-2F56B0F006D1}.Release|Any CPU.ActiveCfg = Release|x86
		{B5BC9249-E102-4933-8B61-2F56B0F006D1}.Release|Any CPU.Build.0 = Release|x86
		{B5BC9249-E102-4933-8B61-2F56B0F006D1}.Release|ARM.ActiveCfg = Release|x86
		{B5BC9249-E102-4933-8B61-2F56B0F006D1}.Release|ARM.Build.0 = Release|x86
		{B5BC9249-E102-4933-8B61-2F56B0F006D1}.Release|x64.ActiveCfg = Release|x86
		{B5BC9249-E102-4933-8B61-2F56B0F006D1}.Release|x64.Build.0 = Release|x86
		{B5BC9249-E102-4933-8B61-2F56B0F006D1}.Release|x86.ActiveCfg = Release|x86
		{B5BC9249-E102-4933-8B61-2F56B0F006D1}.Release|x86.Build.0 = Release|x86
		{372110B4-71F4-4816-9BAA-B53D7CCBA87A}.Debug|Any CPU.ActiveCfg = Release|x86
		{372110B4-71F4-4816-9BAA-B53D7CCBA87A}.Debug|Any CPU.Build.0 = Release|x86
		{372110B4-71F4-4816-9BAA-B53D7CCBA87A}.Debug|ARM.ActiveCfg = Release|x86
		{372110B4-71F4-4816-9BAA-B53D7CCBA87A}.Debug|ARM.Build.0 = Release|x86
		{372110B4-71F4-4816-9BAA-B53D7CCBA87A}.Debug|x64.ActiveCfg = Release|x86
		{372110B4-71F4-4816-9BAA-B53D7CCBA87A}.Debug|x64.Build.0 = Release|x86
		{372110B4-71F4-4816-9BAA-B53D7CCBA87A}.Debug|x86.ActiveCfg = Debug|x86
		{372110B4-71F4-4816-9BAA-B53D7CCBA87A}.Debug|x86.Build.0 = Debug|x86
		{372110B4-71F4-4816-9BAA-B53D7CCBA87A}.Release|Any CPU.ActiveCfg = Release|x86
		{372110B4-71F4-4816-9BAA-B53D7CCBA87A}.Release|Any CPU.Build.0 = Release|x86
		{372110B4-71F4-4816-9BAA-B53D7CCBA87A}.Release|ARM.ActiveCfg = Release|x86
		{372110B4-71F4-4816-9BAA-B53D7CCBA87A}.Release|ARM.Build.0 = Release|x86
		{372110B4-71F4-4816-9BAA-B53D7CCBA87A}.Release|x64.ActiveCfg = Release|x86
		{372110B4-71F4-4816-9BAA-B53D7CCBA87A}.Release|x64.Build.0 = Release|x86
		{372110B4-71F4-4816-9BAA-B53D7CCBA87A}.Release|x86.ActiveCfg = Release|x86
		{372110B4-71F4-4816-9BAA-B53D7CCBA87A}.Release|x86.Build.0 = Release|x86
		{DFD15BC7-9A42-4A1D-AF2C-68B159311AA1}.Debug|Any CPU.ActiveCfg = Debug|x86
		{DFD15BC7-9A42-4A1D-AF2C-68B159311AA1}.Debug|Any CPU.Build.0 = Debug|x86
		{DFD15BC7-9A42-4A1D-AF2C-68B159311AA1}.Debug|ARM.ActiveCfg = Debug|x86
		{DFD15BC7-9A42-4A1D-AF2C-68B159311AA1}.Debug|ARM.Build.0 = Debug|x86
		{DFD15BC7-9A42-4A1D-AF2C-68B159311AA1}.Debug|x64.ActiveCfg = Debug|x86
		{DFD15BC7-9A42-4A1D-AF2C-68B159311AA1}.Debug|x64.Build.0 = Debug|x86
		{DFD15BC7-9A42-4A1D-AF2C-68B159311AA1}.Debug|x86.ActiveCfg = Debug|x86
		{DFD15BC7-9A42-4A1D-AF2C-68B159311AA1}.Debug|x86.Build.0 = Debug|x86
		{DFD15BC7-9A42-4A1D-AF2C-68B159311AA1}.Release|Any CPU.ActiveCfg = Release|x86
		{DFD15BC7-9A42-4A1D-AF2C-68B159311AA1}.Release|Any CPU.Build.0 = Release|x86
		{DFD15BC7-9A42-4A1D-AF2C-68B159311AA1}.Release|ARM.ActiveCfg = Release|x86
		{DFD15BC7-9A42-4A1D-AF2C-68B159311AA1}.Release|ARM.Build.0 = Release|x86
		{DFD15BC7-9A42-4A1D-AF2C-68B159311AA1}.Release|x64.ActiveCfg = Release|x86
		{DFD15BC7-9A42-4A1D-AF2C-68B159311AA1}.Release|x64.Build.0 = Release|x86
		{DFD15BC7-9A42-4A1D-AF2C-68B159311AA1}.Release|x86.ActiveCfg = Release|x86
		{DFD15BC7-9A42-4A1D-AF2C-68B159311AA1}.Release|x86.Build.0 = Release|x86
		{D7879AD0-456A-45DC-9E07-252846868688}.Debug|Any CPU.ActiveCfg = Debug|x86
		{D7879AD0-456A-45DC-9E07-252846868688}.Debug|Any CPU.Build.0 = Debug|x86
		{D7879AD0-456A-45DC-9E07-252846868688}.Debug|ARM.ActiveCfg = Debug|x86
		{D7879AD0-456A-45DC-9E07-252846868688}.Debug|ARM.Build.0 = Debug|x86
		{D7879AD0-456A-45DC-9E07-252846868688}.Debug|x64.ActiveCfg = Debug|x86
		{D7879AD0-456A-45DC-9E07-252846868688}.Debug|x64.Build.0 = Debug|x86
		{D7879AD0-456A-45DC-9E07-252846868688}.Debug|x86.ActiveCfg = Debug|x86
		{D7879AD0-456A-45DC-9E07-252846868688}.Debug|x86.Build.0 = Debug|x86
		{D7879AD0-456A-45DC-9E07-252846868688}.Release|Any CPU.ActiveCfg = Release|x86
		{D7879AD0-456A-45DC-9E07-252846868688}.Release|Any CPU.Build.0 = Release|x86
		{D7879AD0-456A-45DC-9E07-252846868688}.Release|ARM.ActiveCfg = Release|x86
		{D7879AD0-456A-45DC-9E07-252846868688}.Release|ARM.Build.0 = Release|x86
		{D7879AD0-456A-45DC-9E07-252846868688}.Release|x64.ActiveCfg = Release|x86
		{D7879AD0-456A-45DC-9E07-252846868688}.Release|x64.Build.0 = Release|x86
		{D7879AD0-456A-45DC-9E07-252846868688}.Release|x86.ActiveCfg = Release|x86
		{D7879AD0-456A-45DC-9E07-252846868688}.Release|x86.Build.0 = Release|x86
		{69BB0E72-9FA9-43B7-9673-1BCB6F7F3877}.Debug|Any CPU.ActiveCfg = Debug|x86
		{69BB0E72-9FA9-43B7-9673-1BCB6F7F3877}.Debug|Any CPU.Build.0 = Debug|x86
		{69BB0E72-9FA9-43B7-9673-1BCB6F7F3877}.Debug|ARM.ActiveCfg = Debug|x86
		{69BB0E72-9FA9-43B7-9673-1BCB6F7F3877}.Debug|ARM.Build.0 = Debug|x86
		{69BB0E72-9FA9-43B7-9673-1BCB6F7F3877}.Debug|x64.ActiveCfg = Debug|x86
		{69BB0E72-9FA9-43B7-9673-1BCB6F7F3877}.Debug|x64.Build.0 = Debug|x86
		{69BB0E72-9FA9-43B7-9673-1BCB6F7F3877}.Debug|x86.ActiveCfg = Debug|x86
		{69BB0E72-9FA9-43B7-9673-1BCB6F7F3877}.Debug|x86.Build.0 = Debug|x86
		{69BB0E72-9FA9-43B7-9673-1BCB6F7F3877}.Release|Any CPU.ActiveCfg = Release|Any CPU
		{69BB0E72-9FA9-43B7-9673-1BCB6F7F3877}.Release|Any CPU.Build.0 = Release|Any CPU
		{69BB0E72-9FA9-43B7-9673-1BCB6F7F3877}.Release|ARM.ActiveCfg = Release|Any CPU
		{69BB0E72-9FA9-43B7-9673-1BCB6F7F3877}.Release|ARM.Build.0 = Release|Any CPU
		{69BB0E72-9FA9-43B7-9673-1BCB6F7F3877}.Release|x64.ActiveCfg = Release|Any CPU
		{69BB0E72-9FA9-43B7-9673-1BCB6F7F3877}.Release|x64.Build.0 = Release|Any CPU
		{69BB0E72-9FA9-43B7-9673-1BCB6F7F3877}.Release|x86.ActiveCfg = Release|x86
		{69BB0E72-9FA9-43B7-9673-1BCB6F7F3877}.Release|x86.Build.0 = Release|x86
		{4528EA7C-E31A-47A0-8A3B-A46426F57387}.Debug|Any CPU.ActiveCfg = Debug|x86
		{4528EA7C-E31A-47A0-8A3B-A46426F57387}.Debug|Any CPU.Build.0 = Debug|x86
		{4528EA7C-E31A-47A0-8A3B-A46426F57387}.Debug|ARM.ActiveCfg = Debug|x86
		{4528EA7C-E31A-47A0-8A3B-A46426F57387}.Debug|ARM.Build.0 = Debug|x86
		{4528EA7C-E31A-47A0-8A3B-A46426F57387}.Debug|x64.ActiveCfg = Debug|x86
		{4528EA7C-E31A-47A0-8A3B-A46426F57387}.Debug|x64.Build.0 = Debug|x86
		{4528EA7C-E31A-47A0-8A3B-A46426F57387}.Debug|x86.ActiveCfg = Debug|x86
		{4528EA7C-E31A-47A0-8A3B-A46426F57387}.Debug|x86.Build.0 = Debug|x86
		{4528EA7C-E31A-47A0-8A3B-A46426F57387}.Release|Any CPU.ActiveCfg = Release|Any CPU
		{4528EA7C-E31A-47A0-8A3B-A46426F57387}.Release|Any CPU.Build.0 = Release|Any CPU
		{4528EA7C-E31A-47A0-8A3B-A46426F57387}.Release|ARM.ActiveCfg = Release|Any CPU
		{4528EA7C-E31A-47A0-8A3B-A46426F57387}.Release|ARM.Build.0 = Release|Any CPU
		{4528EA7C-E31A-47A0-8A3B-A46426F57387}.Release|x64.ActiveCfg = Release|Any CPU
		{4528EA7C-E31A-47A0-8A3B-A46426F57387}.Release|x64.Build.0 = Release|Any CPU
		{4528EA7C-E31A-47A0-8A3B-A46426F57387}.Release|x86.ActiveCfg = Release|x86
		{4528EA7C-E31A-47A0-8A3B-A46426F57387}.Release|x86.Build.0 = Release|x86
		{93472895-C223-4D04-B817-0AD7AC2E063F}.Debug|Any CPU.ActiveCfg = Debug|x86
		{93472895-C223-4D04-B817-0AD7AC2E063F}.Debug|Any CPU.Build.0 = Debug|x86
		{93472895-C223-4D04-B817-0AD7AC2E063F}.Debug|ARM.ActiveCfg = Debug|x86
		{93472895-C223-4D04-B817-0AD7AC2E063F}.Debug|ARM.Build.0 = Debug|x86
		{93472895-C223-4D04-B817-0AD7AC2E063F}.Debug|x64.ActiveCfg = Debug|x86
		{93472895-C223-4D04-B817-0AD7AC2E063F}.Debug|x64.Build.0 = Debug|x86
		{93472895-C223-4D04-B817-0AD7AC2E063F}.Debug|x86.ActiveCfg = Debug|x86
		{93472895-C223-4D04-B817-0AD7AC2E063F}.Debug|x86.Build.0 = Debug|x86
		{93472895-C223-4D04-B817-0AD7AC2E063F}.Release|Any CPU.ActiveCfg = Release|Any CPU
		{93472895-C223-4D04-B817-0AD7AC2E063F}.Release|Any CPU.Build.0 = Release|Any CPU
		{93472895-C223-4D04-B817-0AD7AC2E063F}.Release|ARM.ActiveCfg = Release|Any CPU
		{93472895-C223-4D04-B817-0AD7AC2E063F}.Release|ARM.Build.0 = Release|Any CPU
		{93472895-C223-4D04-B817-0AD7AC2E063F}.Release|x64.ActiveCfg = Release|Any CPU
		{93472895-C223-4D04-B817-0AD7AC2E063F}.Release|x64.Build.0 = Release|Any CPU
		{93472895-C223-4D04-B817-0AD7AC2E063F}.Release|x86.ActiveCfg = Release|x86
		{93472895-C223-4D04-B817-0AD7AC2E063F}.Release|x86.Build.0 = Release|x86
		{849C4C35-7685-44FB-B43A-C078E88AC9F5}.Debug|Any CPU.ActiveCfg = Debug|x86
		{849C4C35-7685-44FB-B43A-C078E88AC9F5}.Debug|ARM.ActiveCfg = Debug|x86
		{849C4C35-7685-44FB-B43A-C078E88AC9F5}.Debug|x64.ActiveCfg = Debug|x86
		{849C4C35-7685-44FB-B43A-C078E88AC9F5}.Debug|x64.Build.0 = Debug|x64
		{849C4C35-7685-44FB-B43A-C078E88AC9F5}.Debug|x86.ActiveCfg = Debug|x86
		{849C4C35-7685-44FB-B43A-C078E88AC9F5}.Debug|x86.Build.0 = Debug|x86
		{849C4C35-7685-44FB-B43A-C078E88AC9F5}.Release|Any CPU.ActiveCfg = Release|x86
		{849C4C35-7685-44FB-B43A-C078E88AC9F5}.Release|ARM.ActiveCfg = Release|x86
		{849C4C35-7685-44FB-B43A-C078E88AC9F5}.Release|x64.ActiveCfg = Release|x64
		{849C4C35-7685-44FB-B43A-C078E88AC9F5}.Release|x64.Build.0 = Release|x64
		{849C4C35-7685-44FB-B43A-C078E88AC9F5}.Release|x86.ActiveCfg = Release|x86
		{849C4C35-7685-44FB-B43A-C078E88AC9F5}.Release|x86.Build.0 = Release|x86
		{C7312BB5-22EB-4B9C-9552-C97F0ECD0663}.Debug|Any CPU.ActiveCfg = Debug|x86
		{C7312BB5-22EB-4B9C-9552-C97F0ECD0663}.Debug|Any CPU.Build.0 = Debug|x86
		{C7312BB5-22EB-4B9C-9552-C97F0ECD0663}.Debug|ARM.ActiveCfg = Debug|x86
		{C7312BB5-22EB-4B9C-9552-C97F0ECD0663}.Debug|ARM.Build.0 = Debug|x86
		{C7312BB5-22EB-4B9C-9552-C97F0ECD0663}.Debug|x64.ActiveCfg = Debug|x86
		{C7312BB5-22EB-4B9C-9552-C97F0ECD0663}.Debug|x64.Build.0 = Debug|x86
		{C7312BB5-22EB-4B9C-9552-C97F0ECD0663}.Debug|x86.ActiveCfg = Debug|x86
		{C7312BB5-22EB-4B9C-9552-C97F0ECD0663}.Debug|x86.Build.0 = Debug|x86
		{C7312BB5-22EB-4B9C-9552-C97F0ECD0663}.Release|Any CPU.ActiveCfg = Release|Any CPU
		{C7312BB5-22EB-4B9C-9552-C97F0ECD0663}.Release|Any CPU.Build.0 = Release|Any CPU
		{C7312BB5-22EB-4B9C-9552-C97F0ECD0663}.Release|ARM.ActiveCfg = Release|Any CPU
		{C7312BB5-22EB-4B9C-9552-C97F0ECD0663}.Release|ARM.Build.0 = Release|Any CPU
		{C7312BB5-22EB-4B9C-9552-C97F0ECD0663}.Release|x64.ActiveCfg = Release|Any CPU
		{C7312BB5-22EB-4B9C-9552-C97F0ECD0663}.Release|x64.Build.0 = Release|Any CPU
		{C7312BB5-22EB-4B9C-9552-C97F0ECD0663}.Release|x86.ActiveCfg = Release|x86
		{C7312BB5-22EB-4B9C-9552-C97F0ECD0663}.Release|x86.Build.0 = Release|x86
		{46F5713F-C291-441B-AB9C-740EEB6EE32C}.Debug|Any CPU.ActiveCfg = Release|x86
		{46F5713F-C291-441B-AB9C-740EEB6EE32C}.Debug|Any CPU.Build.0 = Release|x86
		{46F5713F-C291-441B-AB9C-740EEB6EE32C}.Debug|ARM.ActiveCfg = Release|x86
		{46F5713F-C291-441B-AB9C-740EEB6EE32C}.Debug|ARM.Build.0 = Release|x86
		{46F5713F-C291-441B-AB9C-740EEB6EE32C}.Debug|x64.ActiveCfg = Release|x86
		{46F5713F-C291-441B-AB9C-740EEB6EE32C}.Debug|x64.Build.0 = Release|x86
		{46F5713F-C291-441B-AB9C-740EEB6EE32C}.Debug|x86.ActiveCfg = Debug|x86
		{46F5713F-C291-441B-AB9C-740EEB6EE32C}.Debug|x86.Build.0 = Debug|x86
		{46F5713F-C291-441B-AB9C-740EEB6EE32C}.Release|Any CPU.ActiveCfg = Release|Any CPU
		{46F5713F-C291-441B-AB9C-740EEB6EE32C}.Release|Any CPU.Build.0 = Release|Any CPU
		{46F5713F-C291-441B-AB9C-740EEB6EE32C}.Release|ARM.ActiveCfg = Release|Any CPU
		{46F5713F-C291-441B-AB9C-740EEB6EE32C}.Release|ARM.Build.0 = Release|Any CPU
		{46F5713F-C291-441B-AB9C-740EEB6EE32C}.Release|x64.ActiveCfg = Release|Any CPU
		{46F5713F-C291-441B-AB9C-740EEB6EE32C}.Release|x64.Build.0 = Release|Any CPU
		{46F5713F-C291-441B-AB9C-740EEB6EE32C}.Release|x86.ActiveCfg = Release|x86
		{46F5713F-C291-441B-AB9C-740EEB6EE32C}.Release|x86.Build.0 = Release|x86
	EndGlobalSection
	GlobalSection(SolutionProperties) = preSolution
		HideSolutionNode = FALSE
	EndGlobalSection
EndGlobal
